// !$*UTF8*$!
{
	archiveVersion = 1;
	classes = {
	};
	objectVersion = 56;
	objects = {

/* Begin PBXBuildFile section */
		B10000000000000000000001 /* TimerApp.swift in Sources */ = {isa = PBXBuildFile; fileRef = B10000000000000000000011 /* TimerApp.swift */; };
		B10000000000000000000002 /* TimerModel.swift in Sources */ = {isa = PBXBuildFile; fileRef = B10000000000000000000012 /* TimerModel.swift */; };
		B10000000000000000000003 /* TimerView.swift in Sources */ = {isa = PBXBuildFile; fileRef = B10000000000000000000013 /* TimerView.swift */; };
		B10000000000000000000004 /* MenuBarTimerLabel.swift in Sources */ = {isa = PBXBuildFile; fileRef = B10000000000000000000015 /* MenuBarTimerLabel.swift */; };
		B10000000000000000000005 /* StatusBarController.swift in Sources */ = {isa = PBXBuildFile; fileRef = B10000000000000000000016 /* StatusBarController.swift */; };
		B10000000000000000000006 /* AppDelegate.swift in Sources */ = {isa = PBXBuildFile; fileRef = B10000000000000000000017 /* AppDelegate.swift */; };
		B10000000000000000000007 /* TimerTypography.swift in Sources */ = {isa = PBXBuildFile; fileRef = B10000000000000000000018 /* TimerTypography.swift */; };
		B10000000000000000000008 /* DurationScrubberView.swift in Sources */ = {isa = PBXBuildFile; fileRef = B10000000000000000000019 /* DurationScrubberView.swift */; };
		B10000000000000000000009 /* GlassBackground.swift in Sources */ = {isa = PBXBuildFile; fileRef = B1000000000000000000001A /* GlassBackground.swift */; };
		B1000000000000000000000A /* TimerFloatingPanel.swift in Sources */ = {isa = PBXBuildFile; fileRef = B1000000000000000000001B /* TimerFloatingPanel.swift */; };
		B1000000000000000000000B /* GlassPanelViewController.swift in Sources */ = {isa = PBXBuildFile; fileRef = B1000000000000000000001C /* GlassPanelViewController.swift */; };
		B1000000000000000000000C /* AppCoordinator.swift in Sources */ = {isa = PBXBuildFile; fileRef = B1000000000000000000001D /* AppCoordinator.swift */; };
		B1000000000000000000000D /* RootPanelView.swift in Sources */ = {isa = PBXBuildFile; fileRef = B1000000000000000000001E /* RootPanelView.swift */; };
		B1000000000000000000000E /* PomodoroView.swift in Sources */ = {isa = PBXBuildFile; fileRef = B1000000000000000000001F /* PomodoroView.swift */; };
		B1000000000000000000000F /* PomodoroPresetEditorView.swift in Sources */ = {isa = PBXBuildFile; fileRef = B1000000000000000000002B /* PomodoroPresetEditorView.swift */; };
		B10000000000000000000026 /* PomodoroModel.swift in Sources */ = {isa = PBXBuildFile; fileRef = B10000000000000000000021 /* PomodoroModel.swift */; };
		B10000000000000000000027 /* PomodoroPreset.swift in Sources */ = {isa = PBXBuildFile; fileRef = B10000000000000000000022 /* PomodoroPreset.swift */; };
		B10000000000000000000028 /* PomodoroStore.swift in Sources */ = {isa = PBXBuildFile; fileRef = B10000000000000000000023 /* PomodoroStore.swift */; };
		B1000000000000000000002A /* TimerButtonStyles.swift in Sources */ = {isa = PBXBuildFile; fileRef = B10000000000000000000025 /* TimerButtonStyles.swift */; };
		B1000000000000000000002D /* TomatoIcon.swift in Sources */ = {isa = PBXBuildFile; fileRef = B1000000000000000000002C /* TomatoIcon.swift */; };
		B1000000000000000000002F /* CompletionSound.swift in Sources */ = {isa = PBXBuildFile; fileRef = B1000000000000000000002E /* CompletionSound.swift */; };
		B1000000000000000000004A /* pluck.wav in Resources */ = {isa = PBXBuildFile; fileRef = B10000000000000000000046 /* pluck.wav */; };
		B2E8E4B630460127005CF7CD /* Assets.xcassets in Resources */ = {isa = PBXBuildFile; fileRef = B2E8E4B530460127005CF7CD /* Assets.xcassets */; };
/* End PBXBuildFile section */

/* Begin PBXFileReference section */
		B10000000000000000000010 /* macos-timer.app */ = {isa = PBXFileReference; explicitFileType = wrapper.application; includeInIndex = 0; path = "macos-timer.app"; sourceTree = BUILT_PRODUCTS_DIR; };
		B10000000000000000000011 /* TimerApp.swift */ = {isa = PBXFileReference; lastKnownFileType = sourcecode.swift; path = TimerApp.swift; sourceTree = "<group>"; };
		B10000000000000000000012 /* TimerModel.swift */ = {isa = PBXFileReference; lastKnownFileType = sourcecode.swift; path = TimerModel.swift; sourceTree = "<group>"; };
		B10000000000000000000013 /* TimerView.swift */ = {isa = PBXFileReference; lastKnownFileType = sourcecode.swift; path = TimerView.swift; sourceTree = "<group>"; };
		B10000000000000000000014 /* Info.plist */ = {isa = PBXFileReference; lastKnownFileType = text.plist.xml; path = Info.plist; sourceTree = "<group>"; };
		B10000000000000000000015 /* MenuBarTimerLabel.swift */ = {isa = PBXFileReference; lastKnownFileType = sourcecode.swift; path = MenuBarTimerLabel.swift; sourceTree = "<group>"; };
		B10000000000000000000016 /* StatusBarController.swift */ = {isa = PBXFileReference; lastKnownFileType = sourcecode.swift; path = StatusBarController.swift; sourceTree = "<group>"; };
		B10000000000000000000017 /* AppDelegate.swift */ = {isa = PBXFileReference; lastKnownFileType = sourcecode.swift; path = AppDelegate.swift; sourceTree = "<group>"; };
		B10000000000000000000018 /* TimerTypography.swift */ = {isa = PBXFileReference; lastKnownFileType = sourcecode.swift; path = TimerTypography.swift; sourceTree = "<group>"; };
		B10000000000000000000019 /* DurationScrubberView.swift */ = {isa = PBXFileReference; lastKnownFileType = sourcecode.swift; path = DurationScrubberView.swift; sourceTree = "<group>"; };
		B1000000000000000000001A /* GlassBackground.swift */ = {isa = PBXFileReference; lastKnownFileType = sourcecode.swift; path = GlassBackground.swift; sourceTree = "<group>"; };
		B1000000000000000000001B /* TimerFloatingPanel.swift */ = {isa = PBXFileReference; lastKnownFileType = sourcecode.swift; path = TimerFloatingPanel.swift; sourceTree = "<group>"; };
		B1000000000000000000001C /* GlassPanelViewController.swift */ = {isa = PBXFileReference; lastKnownFileType = sourcecode.swift; path = GlassPanelViewController.swift; sourceTree = "<group>"; };
		B1000000000000000000001D /* AppCoordinator.swift */ = {isa = PBXFileReference; lastKnownFileType = sourcecode.swift; path = AppCoordinator.swift; sourceTree = "<group>"; };
		B1000000000000000000001E /* RootPanelView.swift */ = {isa = PBXFileReference; lastKnownFileType = sourcecode.swift; path = RootPanelView.swift; sourceTree = "<group>"; };
		B1000000000000000000001F /* PomodoroView.swift */ = {isa = PBXFileReference; lastKnownFileType = sourcecode.swift; path = PomodoroView.swift; sourceTree = "<group>"; };
		B10000000000000000000021 /* PomodoroModel.swift */ = {isa = PBXFileReference; lastKnownFileType = sourcecode.swift; path = PomodoroModel.swift; sourceTree = "<group>"; };
		B10000000000000000000022 /* PomodoroPreset.swift */ = {isa = PBXFileReference; lastKnownFileType = sourcecode.swift; path = PomodoroPreset.swift; sourceTree = "<group>"; };
		B10000000000000000000023 /* PomodoroStore.swift */ = {isa = PBXFileReference; lastKnownFileType = sourcecode.swift; path = PomodoroStore.swift; sourceTree = "<group>"; };
		B10000000000000000000025 /* TimerButtonStyles.swift */ = {isa = PBXFileReference; lastKnownFileType = sourcecode.swift; path = TimerButtonStyles.swift; sourceTree = "<group>"; };
		B1000000000000000000002B /* PomodoroPresetEditorView.swift */ = {isa = PBXFileReference; lastKnownFileType = sourcecode.swift; path = PomodoroPresetEditorView.swift; sourceTree = "<group>"; };
		B1000000000000000000002C /* TomatoIcon.swift */ = {isa = PBXFileReference; lastKnownFileType = sourcecode.swift; path = TomatoIcon.swift; sourceTree = "<group>"; };
		B1000000000000000000002E /* CompletionSound.swift */ = {isa = PBXFileReference; lastKnownFileType = sourcecode.swift; path = CompletionSound.swift; sourceTree = "<group>"; };
		B10000000000000000000046 /* pluck.wav */ = {isa = PBXFileReference; lastKnownFileType = audio.wav; path = pluck.wav; sourceTree = "<group>"; };
		B2E8E4B530460127005CF7CD /* Assets.xcassets */ = {isa = PBXFileReference; lastKnownFileType = folder.assetcatalog; path = Assets.xcassets; sourceTree = "<group>"; };
/* End PBXFileReference section */

/* Begin PBXFrameworksBuildPhase section */
		B10000000000000000000020 /* Frameworks */ = {
			isa = PBXFrameworksBuildPhase;
			buildActionMask = 2147483647;
			files = (
			);
			runOnlyForDeploymentPostprocessing = 0;
		};
/* End PBXFrameworksBuildPhase section */

/* Begin PBXGroup section */
		B10000000000000000000030 = {
			isa = PBXGroup;
			children = (
				B10000000000000000000031 /* macos-timer */,
				B10000000000000000000032 /* Products */,
			);
			sourceTree = "<group>";
		};
		B10000000000000000000031 /* macos-timer */ = {
			isa = PBXGroup;
			children = (
				B10000000000000000000011 /* TimerApp.swift */,
				B10000000000000000000012 /* TimerModel.swift */,
				B10000000000000000000013 /* TimerView.swift */,
				B10000000000000000000015 /* MenuBarTimerLabel.swift */,
				B10000000000000000000016 /* StatusBarController.swift */,
				B10000000000000000000017 /* AppDelegate.swift */,
				B10000000000000000000018 /* TimerTypography.swift */,
				B10000000000000000000019 /* DurationScrubberView.swift */,
				B1000000000000000000001A /* GlassBackground.swift */,
				B1000000000000000000001B /* TimerFloatingPanel.swift */,
				B1000000000000000000001C /* GlassPanelViewController.swift */,
				B1000000000000000000001D /* AppCoordinator.swift */,
				B1000000000000000000001E /* RootPanelView.swift */,
				B1000000000000000000001F /* PomodoroView.swift */,
				B1000000000000000000002B /* PomodoroPresetEditorView.swift */,
				B10000000000000000000021 /* PomodoroModel.swift */,
				B10000000000000000000022 /* PomodoroPreset.swift */,
				B10000000000000000000023 /* PomodoroStore.swift */,
				B10000000000000000000025 /* TimerButtonStyles.swift */,
				B1000000000000000000002C /* TomatoIcon.swift */,
				B1000000000000000000002E /* CompletionSound.swift */,
				B10000000000000000000043 /* Sounds */,
				B10000000000000000000014 /* Info.plist */,
				B2E8E4B530460127005CF7CD /* Assets.xcassets */,
			);
			path = "macos-timer";
			sourceTree = "<group>";
		};
		B10000000000000000000032 /* Products */ = {
			isa = PBXGroup;
			children = (
				B10000000000000000000010 /* macos-timer.app */,
			);
			name = Products;
			sourceTree = "<group>";
		};
		B10000000000000000000043 /* Sounds */ = {
			isa = PBXGroup;
			children = (
				B10000000000000000000046 /* pluck.wav */,
			);
			path = Sounds;
			sourceTree = "<group>";
		};
/* End PBXGroup section */

/* Begin PBXNativeTarget section */
		B10000000000000000000040 /* macos-timer */ = {
			isa = PBXNativeTarget;
			buildConfigurationList = B10000000000000000000050 /* Build configuration list for PBXNativeTarget "macos-timer" */;
			buildPhases = (
				B10000000000000000000041 /* Sources */,
				B10000000000000000000042 /* Resources */,
				B10000000000000000000020 /* Frameworks */,
			);
			buildRules = (
			);
			dependencies = (
			);
			name = "macos-timer";
			productName = "macos-timer";
			productReference = B10000000000000000000010 /* macos-timer.app */;
			productType = "com.apple.product-type.application";
		};
/* End PBXNativeTarget section */

/* Begin PBXProject section */
		B10000000000000000000060 /* Project object */ = {
			isa = PBXProject;
			attributes = {
				BuildIndependentTargetsInParallel = 1;
				LastSwiftUpdateCheck = 1610;
				LastUpgradeCheck = 1610;
				TargetAttributes = {
					B10000000000000000000040 = {
						CreatedOnToolsVersion = 16.1;
					};
				};
			};
			buildConfigurationList = B10000000000000000000061 /* Build configuration list for PBXProject "macos-timer" */;
			compatibilityVersion = "Xcode 14.0";
			developmentRegion = en;
			hasScannedForEncodings = 0;
			knownRegions = (
				en,
				Base,
			);
			mainGroup = B10000000000000000000030;
			productRefGroup = B10000000000000000000032 /* Products */;
			projectDirPath = "";
			projectRoot = "";
			targets = (
				B10000000000000000000040 /* macos-timer */,
			);
		};
/* End PBXProject section */

/* Begin PBXResourcesBuildPhase section */
		B10000000000000000000042 /* Resources */ = {
			isa = PBXResourcesBuildPhase;
			buildActionMask = 2147483647;
			files = (
				B2E8E4B630460127005CF7CD /* Assets.xcassets in Resources */,
				B1000000000000000000004A /* pluck.wav in Resources */,
			);
			runOnlyForDeploymentPostprocessing = 0;
		};
/* End PBXResourcesBuildPhase section */

/* Begin PBXSourcesBuildPhase section */
		B10000000000000000000041 /* Sources */ = {
			isa = PBXSourcesBuildPhase;
			buildActionMask = 2147483647;
			files = (
				B10000000000000000000001 /* TimerApp.swift in Sources */,
				B10000000000000000000002 /* TimerModel.swift in Sources */,
				B10000000000000000000003 /* TimerView.swift in Sources */,
				B10000000000000000000004 /* MenuBarTimerLabel.swift in Sources */,
				B10000000000000000000005 /* StatusBarController.swift in Sources */,
				B10000000000000000000006 /* AppDelegate.swift in Sources */,
				B10000000000000000000007 /* TimerTypography.swift in Sources */,
				B10000000000000000000008 /* DurationScrubberView.swift in Sources */,
				B10000000000000000000009 /* GlassBackground.swift in Sources */,
				B1000000000000000000000A /* TimerFloatingPanel.swift in Sources */,
				B1000000000000000000000B /* GlassPanelViewController.swift in Sources */,
				B1000000000000000000000C /* AppCoordinator.swift in Sources */,
				B1000000000000000000000D /* RootPanelView.swift in Sources */,
				B1000000000000000000000E /* PomodoroView.swift in Sources */,
				B1000000000000000000000F /* PomodoroPresetEditorView.swift in Sources */,
				B10000000000000000000026 /* PomodoroModel.swift in Sources */,
				B10000000000000000000027 /* PomodoroPreset.swift in Sources */,
				B10000000000000000000028 /* PomodoroStore.swift in Sources */,
				B1000000000000000000002A /* TimerButtonStyles.swift in Sources */,
				B1000000000000000000002D /* TomatoIcon.swift in Sources */,
				B1000000000000000000002F /* CompletionSound.swift in Sources */,
			);
			runOnlyForDeploymentPostprocessing = 0;
		};
/* End PBXSourcesBuildPhase section */

/* Begin XCBuildConfiguration section */
		B10000000000000000000070 /* Debug */ = {
			isa = XCBuildConfiguration;
			buildSettings = {
				ALWAYS_SEARCH_USER_PATHS = NO;
				ASSETCATALOG_COMPILER_GENERATE_SWIFT_ASSET_SYMBOL_EXTENSIONS = YES;
				CLANG_ANALYZER_NONNULL = YES;
				CLANG_ANALYZER_NUMBER_OBJECT_CONVERSION = YES_AGGRESSIVE;
				CLANG_CXX_LANGUAGE_STANDARD = "gnu++20";
				CLANG_ENABLE_MODULES = YES;
				CLANG_ENABLE_OBJC_ARC = YES;
				CLANG_ENABLE_OBJC_WEAK = YES;
				CLANG_WARN_BLOCK_CAPTURE_AUTORELEASING = YES;
				CLANG_WARN_BOOL_CONVERSION = YES;
				CLANG_WARN_COMMA = YES;
				CLANG_WARN_CONSTANT_CONVERSION = YES;
				CLANG_WARN_DEPRECATED_OBJC_IMPLEMENTATIONS = YES;
				CLANG_WARN_DIRECT_OBJC_ISA_USAGE = YES_ERROR;
				CLANG_WARN_DOCUMENTATION_COMMENTS = YES;
				CLANG_WARN_EMPTY_BODY = YES;
				CLANG_WARN_ENUM_CONVERSION = YES;
				CLANG_WARN_INFINITE_RECURSION = YES;
				CLANG_WARN_INT_CONVERSION = YES;
				CLANG_WARN_NON_LITERAL_NULL_CONVERSION = YES;
				CLANG_WARN_OBJC_IMPLICIT_RETAIN_SELF = YES;
				CLANG_WARN_OBJC_LITERAL_CONVERSION = YES;
				CLANG_WARN_OBJC_ROOT_CLASS = YES_ERROR;
				CLANG_WARN_QUOTED_INCLUDE_IN_FRAMEWORK_HEADER = YES;
				CLANG_WARN_RANGE_LOOP_ANALYSIS = YES;
				CLANG_WARN_STRICT_PROTOTYPES = YES;
				CLANG_WARN_SUSPICIOUS_MOVE = YES;
				CLANG_WARN_UNGUARDED_AVAILABILITY = YES_AGGRESSIVE;
				CLANG_WARN_UNREACHABLE_CODE = YES;
				CLANG_WARN__DUPLICATE_METHOD_MATCH = YES;
				COPY_PHASE_STRIP = NO;
				DEBUG_INFORMATION_FORMAT = dwarf;
				ENABLE_STRICT_OBJC_MSGSEND = YES;
				ENABLE_TESTABILITY = YES;
				ENABLE_USER_SCRIPT_SANDBOXING = YES;
				GCC_C_LANGUAGE_STANDARD = gnu17;
				GCC_DYNAMIC_NO_PIC = NO;
				GCC_NO_COMMON_BLOCKS = YES;
				GCC_OPTIMIZATION_LEVEL = 0;
				GCC_PREPROCESSOR_DEFINITIONS = (
					"DEBUG=1",
					"$(inherited)",
				);
				GCC_WARN_64_TO_32_BIT_CONVERSION = YES;
				GCC_WARN_ABOUT_RETURN_TYPE = YES_ERROR;
				GCC_WARN_UNDECLARED_SELECTOR = YES;
				GCC_WARN_UNINITIALIZED_AUTOS = YES_AGGRESSIVE;
				GCC_WARN_UNUSED_FUNCTION = YES;
				GCC_WARN_UNUSED_VARIABLE = YES;
				LOCALIZATION_PREFERS_STRING_CATALOGS = YES;
				MACOSX_DEPLOYMENT_TARGET = 13.0;
				MTL_ENABLE_DEBUG_INFO = INCLUDE_SOURCE;
				MTL_FAST_MATH = YES;
				ONLY_ACTIVE_ARCH = YES;
				SDKROOT = macosx;
				SWIFT_ACTIVE_COMPILATION_CONDITIONS = "DEBUG $(inherited)";
				SWIFT_OPTIMIZATION_LEVEL = "-Onone";
			};
			name = Debug;
		};
		B10000000000000000000071 /* Release */ = {
			isa = XCBuildConfiguration;
			buildSettings = {
				ALWAYS_SEARCH_USER_PATHS = NO;
				ASSETCATALOG_COMPILER_GENERATE_SWIFT_ASSET_SYMBOL_EXTENSIONS = YES;
				CLANG_ANALYZER_NONNULL = YES;
				CLANG_ANALYZER_NUMBER_OBJECT_CONVERSION = YES_AGGRESSIVE;
				CLANG_CXX_LANGUAGE_STANDARD = "gnu++20";
				CLANG_ENABLE_MODULES = YES;
				CLANG_ENABLE_OBJC_ARC = YES;
				CLANG_ENABLE_OBJC_WEAK = YES;
				CLANG_WARN_BLOCK_CAPTURE_AUTORELEASING = YES;
				CLANG_WARN_BOOL_CONVERSION = YES;
				CLANG_WARN_COMMA = YES;
				CLANG_WARN_CONSTANT_CONVERSION = YES;
				CLANG_WARN_DEPRECATED_OBJC_IMPLEMENTATIONS = YES;
				CLANG_WARN_DIRECT_OBJC_ISA_USAGE = YES_ERROR;
				CLANG_WARN_DOCUMENTATION_COMMENTS = YES;
				CLANG_WARN_EMPTY_BODY = YES;
				CLANG_WARN_ENUM_CONVERSION = YES;
				CLANG_WARN_INFINITE_RECURSION = YES;
				CLANG_WARN_INT_CONVERSION = YES;
				CLANG_WARN_NON_LITERAL_NULL_CONVERSION = YES;
				CLANG_WARN_OBJC_IMPLICIT_RETAIN_SELF = YES;
				CLANG_WARN_OBJC_LITERAL_CONVERSION = YES;
				CLANG_WARN_OBJC_ROOT_CLASS = YES_ERROR;
				CLANG_WARN_QUOTED_INCLUDE_IN_FRAMEWORK_HEADER = YES;
				CLANG_WARN_RANGE_LOOP_ANALYSIS = YES;
				CLANG_WARN_STRICT_PROTOTYPES = YES;
				CLANG_WARN_SUSPICIOUS_MOVE = YES;
				CLANG_WARN_UNGUARDED_AVAILABILITY = YES_AGGRESSIVE;
				CLANG_WARN_UNREACHABLE_CODE = YES;
				CLANG_WARN__DUPLICATE_METHOD_MATCH = YES;
				COPY_PHASE_STRIP = NO;
				DEBUG_INFORMATION_FORMAT = "dwarf-with-dsym";
				ENABLE_NS_ASSERTIONS = NO;
				ENABLE_STRICT_OBJC_MSGSEND = YES;
				ENABLE_USER_SCRIPT_SANDBOXING = YES;
				GCC_C_LANGUAGE_STANDARD = gnu17;
				GCC_NO_COMMON_BLOCKS = YES;
				GCC_WARN_64_TO_32_BIT_CONVERSION = YES;
				GCC_WARN_ABOUT_RETURN_TYPE = YES_ERROR;
				GCC_WARN_UNDECLARED_SELECTOR = YES;
				GCC_WARN_UNINITIALIZED_AUTOS = YES_AGGRESSIVE;
				GCC_WARN_UNUSED_FUNCTION = YES;
				GCC_WARN_UNUSED_VARIABLE = YES;
				LOCALIZATION_PREFERS_STRING_CATALOGS = YES;
				MACOSX_DEPLOYMENT_TARGET = 13.0;
				MTL_ENABLE_DEBUG_INFO = NO;
				MTL_FAST_MATH = YES;
				SDKROOT = macosx;
				SWIFT_COMPILATION_MODE = wholemodule;
			};
			name = Release;
		};
		B10000000000000000000072 /* Debug */ = {
			isa = XCBuildConfiguration;
			buildSettings = {
				CODE_SIGN_STYLE = Automatic;
				COMBINE_HIDPI_IMAGES = YES;
				CURRENT_PROJECT_VERSION = 3;
				DEVELOPMENT_TEAM = "";
				ENABLE_PREVIEWS = YES;
				GENERATE_INFOPLIST_FILE = NO;
				INFOPLIST_FILE = "macos-timer/Info.plist";
				INFOPLIST_KEY_NSHumanReadableCopyright = "";
				LD_RUNPATH_SEARCH_PATHS = (
					"$(inherited)",
					"@executable_path/../Frameworks",
				);
				MARKETING_VERSION = 1.1.1;
				PRODUCT_BUNDLE_IDENTIFIER = "com.macos-timer.app";
				PRODUCT_NAME = "$(TARGET_NAME)";
				SWIFT_EMIT_LOC_STRINGS = YES;
				SWIFT_VERSION = 5.0;
			};
			name = Debug;
		};
		B10000000000000000000073 /* Release */ = {
			isa = XCBuildConfiguration;
			buildSettings = {
				CODE_SIGN_STYLE = Automatic;
				COMBINE_HIDPI_IMAGES = YES;
				CURRENT_PROJECT_VERSION = 3;
				DEVELOPMENT_TEAM = "";
				ENABLE_PREVIEWS = YES;
				GENERATE_INFOPLIST_FILE = NO;
				INFOPLIST_FILE = "macos-timer/Info.plist";
				INFOPLIST_KEY_NSHumanReadableCopyright = "";
				LD_RUNPATH_SEARCH_PATHS = (
					"$(inherited)",
					"@executable_path/../Frameworks",
				);
				MARKETING_VERSION = 1.1.1;
				PRODUCT_BUNDLE_IDENTIFIER = "com.macos-timer.app";
				PRODUCT_NAME = "$(TARGET_NAME)";
				SWIFT_EMIT_LOC_STRINGS = YES;
				SWIFT_VERSION = 5.0;
			};
			name = Release;
		};
/* End XCBuildConfiguration section */

/* Begin XCConfigurationList section */
		B10000000000000000000050 /* Build configuration list for PBXNativeTarget "macos-timer" */ = {
			isa = XCConfigurationList;
			buildConfigurations = (
				B10000000000000000000072 /* Debug */,
				B10000000000000000000073 /* Release */,
			);
			defaultConfigurationIsVisible = 0;
			defaultConfigurationName = Release;
		};
		B10000000000000000000061 /* Build configuration list for PBXProject "macos-timer" */ = {
			isa = XCConfigurationList;
			buildConfigurations = (
				B10000000000000000000070 /* Debug */,
				B10000000000000000000071 /* Release */,
			);
			defaultConfigurationIsVisible = 0;
			defaultConfigurationName = Release;
		};
/* End XCConfigurationList section */
	};
	rootObject = B10000000000000000000060 /* Project object */;
}
